
Microsoft Visual Studio Solution File, Format Version 12.00
# Visual Studio Version 17
VisualStudioVersion = 17.6.33829.357
MinimumVisualStudioVersion = 10.0.40219.1
Project("{FAE04EC0-301F-11D3-BF4B-00C04F79EFBC}") = "StoreApp", "StoreApp.csproj", "{28F74BD6-C1CB-4A04-8321-B8DB0882F573}"
EndProject
Global
	GlobalSection(SolutionConfigurationPlatforms) = preSolution
		Debug|Any CPU = Debug|Any CPU
		Release|Any CPU = Release|Any CPU
	EndGlobalSection
	GlobalSection(ProjectConfigurationPlatforms) = postSolution
		{28F74BD6-C1CB-4A04-8321-B8DB0882F573}.Debug|Any CPU.ActiveCfg = Debug|Any CPU
		{28F74BD6-C1CB-4A04-8321-B8DB0882F573}.Debug|Any CPU.Build.0 = Debug|Any CPU
		{28F74BD6-C1CB-4A04-8321-B8DB0882F573}.Release|Any CPU.ActiveCfg = Release|Any CPU
		{28F74BD6-C1CB-4A04-8321-B8DB0882F573}.Release|Any CPU.Build.0 = Release|Any CPU
	EndGlobalSection
	GlobalSection(SolutionProperties) = preSolution
		HideSolutionNode = FALSE
	EndGlobalSection
	GlobalSection(ExtensibilityGlobals) = postSolution
		SolutionGuid = {6DEB2DB5-ADD0-4BBC-8FD3-5BA97E538AA2}
	EndGlobalSection
EndGlobal
