
Microsoft Visual Studio Solution File, Format Version 12.00
# Visual Studio Version 17
VisualStudioVersion = 17.5.33530.505
MinimumVisualStudioVersion = 10.0.40219.1
Project("{2150E333-8FDC-42A3-9474-1A3956D46DE8}") = "Core", "Core", "{77D85080-02BC-4D32-8EF3-AF0E164B7FDA}"
EndProject
Project("{2150E333-8FDC-42A3-9474-1A3956D46DE8}") = "Infrastructure", "Infrastructure", "{60062D12-277C-4C32-80C8-D6F25F9A95EB}"
EndProject
Project("{2150E333-8FDC-42A3-9474-1A3956D46DE8}") = "Presentation", "Presentation", "{72539A52-AF00-47E9-85E7-0A97017DBBA3}"
EndProject
Project("{2150E333-8FDC-42A3-9474-1A3956D46DE8}") = "Test", "Test", "{11F81496-4880-4A16-BC71-03A64BD9F586}"
EndProject
Project("{FAE04EC0-301F-11D3-BF4B-00C04F79EFBC}") = "CleanArchitecture.Application", "CleanArchitecture.Application\CleanArchitecture.Application.csproj", "{67FB1B92-0838-41CD-AF2F-9679E7E7F35C}"
EndProject
Project("{FAE04EC0-301F-11D3-BF4B-00C04F79EFBC}") = "CleanArchitecture.Domain", "CleanArchitecture.Domain\CleanArchitecture.Domain.csproj", "{7894192B-4F8F-4CC2-9657-6D9B4A1FE666}"
EndProject
Project("{FAE04EC0-301F-11D3-BF4B-00C04F79EFBC}") = "CleanArchitecture.Persistence", "CleanArchitecture.Persistence\CleanArchitecture.Persistence.csproj", "{80C54897-1A45-438C-A265-25C5500CCF22}"
EndProject
Project("{FAE04EC0-301F-11D3-BF4B-00C04F79EFBC}") = "CleanArchitecture.API", "CleanArchitecture.API\CleanArchitecture.API.csproj", "{71A67EA7-F66A-400D-8DED-F9445A42A223}"
EndProject
Project("{FAE04EC0-301F-11D3-BF4B-00C04F79EFBC}") = "CleanArchitecture.Tests", "CleanArchitecture.Tests\CleanArchitecture.Tests.csproj", "{05E01C07-63EA-4C59-9509-C7CBF02832CF}"
EndProject
Global
	GlobalSection(SolutionConfigurationPlatforms) = preSolution
		Debug|Any CPU = Debug|Any CPU
		Release|Any CPU = Release|Any CPU
	EndGlobalSection
	GlobalSection(ProjectConfigurationPlatforms) = postSolution
		{67FB1B92-0838-41CD-AF2F-9679E7E7F35C}.Debug|Any CPU.ActiveCfg = Debug|Any CPU
		{67FB1B92-0838-41CD-AF2F-9679E7E7F35C}.Debug|Any CPU.Build.0 = Debug|Any CPU
		{67FB1B92-0838-41CD-AF2F-9679E7E7F35C}.Release|Any CPU.ActiveCfg = Release|Any CPU
		{67FB1B92-0838-41CD-AF2F-9679E7E7F35C}.Release|Any CPU.Build.0 = Release|Any CPU
		{7894192B-4F8F-4CC2-9657-6D9B4A1FE666}.Debug|Any CPU.ActiveCfg = Debug|Any CPU
		{7894192B-4F8F-4CC2-9657-6D9B4A1FE666}.Debug|Any CPU.Build.0 = Debug|Any CPU
		{7894192B-4F8F-4CC2-9657-6D9B4A1FE666}.Release|Any CPU.ActiveCfg = Release|Any CPU
		{7894192B-4F8F-4CC2-9657-6D9B4A1FE666}.Release|Any CPU.Build.0 = Release|Any CPU
		{80C54897-1A45-438C-A265-25C5500CCF22}.Debug|Any CPU.ActiveCfg = Debug|Any CPU
		{80C54897-1A45-438C-A265-25C5500CCF22}.Debug|Any CPU.Build.0 = Debug|Any CPU
		{80C54897-1A45-438C-A265-25C5500CCF22}.Release|Any CPU.ActiveCfg = Release|Any CPU
		{80C54897-1A45-438C-A265-25C5500CCF22}.Release|Any CPU.Build.0 = Release|Any CPU
		{71A67EA7-F66A-400D-8DED-F9445A42A223}.Debug|Any CPU.ActiveCfg = Debug|Any CPU
		{71A67EA7-F66A-400D-8DED-F9445A42A223}.Debug|Any CPU.Build.0 = Debug|Any CPU
		{71A67EA7-F66A-400D-8DED-F9445A42A223}.Release|Any CPU.ActiveCfg = Release|Any CPU
		{71A67EA7-F66A-400D-8DED-F9445A42A223}.Release|Any CPU.Build.0 = Release|Any CPU
		{05E01C07-63EA-4C59-9509-C7CBF02832CF}.Debug|Any CPU.ActiveCfg = Debug|Any CPU
		{05E01C07-63EA-4C59-9509-C7CBF02832CF}.Debug|Any CPU.Build.0 = Debug|Any CPU
		{05E01C07-63EA-4C59-9509-C7CBF02832CF}.Release|Any CPU.ActiveCfg = Release|Any CPU
		{05E01C07-63EA-4C59-9509-C7CBF02832CF}.Release|Any CPU.Build.0 = Release|Any CPU
	EndGlobalSection
	GlobalSection(SolutionProperties) = preSolution
		HideSolutionNode = FALSE
	EndGlobalSection
	GlobalSection(NestedProjects) = preSolution
		{67FB1B92-0838-41CD-AF2F-9679E7E7F35C} = {77D85080-02BC-4D32-8EF3-AF0E164B7FDA}
		{7894192B-4F8F-4CC2-9657-6D9B4A1FE666} = {77D85080-02BC-4D32-8EF3-AF0E164B7FDA}
		{80C54897-1A45-438C-A265-25C5500CCF22} = {60062D12-277C-4C32-80C8-D6F25F9A95EB}
		{71A67EA7-F66A-400D-8DED-F9445A42A223} = {72539A52-AF00-47E9-85E7-0A97017DBBA3}
		{05E01C07-63EA-4C59-9509-C7CBF02832CF} = {11F81496-4880-4A16-BC71-03A64BD9F586}
	EndGlobalSection
	GlobalSection(ExtensibilityGlobals) = postSolution
		SolutionGuid = {D3B0E5C8-DD54-4B38-9241-B08823B9FB4C}
	EndGlobalSection
EndGlobal
