
Microsoft Visual Studio Solution File, Format Version 12.00
# Visual Studio Version 17
VisualStudioVersion = 17.3.32922.545
MinimumVisualStudioVersion = 10.0.40219.1
Project("{FAE04EC0-301F-11D3-BF4B-00C04F79EFBC}") = "WorkerApp", "WorkerApp.csproj", "{1B422BBB-F402-4B09-A43D-3125976D65A5}"
EndProject
Global
	GlobalSection(SolutionConfigurationPlatforms) = preSolution
		Debug|Any CPU = Debug|Any CPU
		Release|Any CPU = Release|Any CPU
	EndGlobalSection
	GlobalSection(ProjectConfigurationPlatforms) = postSolution
		{1B422BBB-F402-4B09-A43D-3125976D65A5}.Debug|Any CPU.ActiveCfg = Debug|Any CPU
		{1B422BBB-F402-4B09-A43D-3125976D65A5}.Debug|Any CPU.Build.0 = Debug|Any CPU
		{1B422BBB-F402-4B09-A43D-3125976D65A5}.Release|Any CPU.ActiveCfg = Release|Any CPU
		{1B422BBB-F402-4B09-A43D-3125976D65A5}.Release|Any CPU.Build.0 = Release|Any CPU
	EndGlobalSection
	GlobalSection(SolutionProperties) = preSolution
		HideSolutionNode = FALSE
	EndGlobalSection
	GlobalSection(ExtensibilityGlobals) = postSolution
		SolutionGuid = {C53FF1C4-9F83-4CF6-A14E-649FB45F5DB2}
	EndGlobalSection
EndGlobal
