
Microsoft Visual Studio Solution File, Format Version 12.00
# Visual Studio Version 17
VisualStudioVersion = 17.7.34221.43
MinimumVisualStudioVersion = 10.0.40219.1
Project("{9A19103F-16F7-4668-BE54-9A1E7A4F7556}") = "CleanArchMvc.Domain", "CleanArchMvc.Domain\CleanArchMvc.Domain.csproj", "{74E7CD1D-7E2D-46E5-A544-C2602A64BB15}"
EndProject
Project("{9A19103F-16F7-4668-BE54-9A1E7A4F7556}") = "CleanArchMvc.Application", "CleanArchMvc.Application\CleanArchMvc.Application.csproj", "{5BA5D798-45AA-4722-A865-31CDBF944206}"
EndProject
Project("{9A19103F-16F7-4668-BE54-9A1E7A4F7556}") = "CleanArchMvc.Infra.Data", "CleanArchMvc.Infra.Data\CleanArchMvc.Infra.Data.csproj", "{AD3D134C-9CAE-4336-9DF9-CC2815284900}"
EndProject
Project("{9A19103F-16F7-4668-BE54-9A1E7A4F7556}") = "CleanArchMvc.Infra.IoC", "CleanArchMvc.Infra.IoC\CleanArchMvc.Infra.IoC.csproj", "{CEFC2FA3-AC2B-453F-8853-80551F334A65}"
EndProject
Project("{9A19103F-16F7-4668-BE54-9A1E7A4F7556}") = "CleanArchMvc.WebUI", "CleanArchMvc.WebUI\CleanArchMvc.WebUI.csproj", "{0F7A505C-ABDD-4317-9872-DBC04C5D5C2D}"
EndProject
Project("{FAE04EC0-301F-11D3-BF4B-00C04F79EFBC}") = "CleanArchMvc.Domain.Tests", "CleanArchMvc.Domain.Tests\CleanArchMvc.Domain.Tests.csproj", "{90C70507-1B65-4168-B27F-D1C99FB7A32A}"
EndProject
Global
	GlobalSection(SolutionConfigurationPlatforms) = preSolution
		Debug|Any CPU = Debug|Any CPU
		Release|Any CPU = Release|Any CPU
	EndGlobalSection
	GlobalSection(ProjectConfigurationPlatforms) = postSolution
		{74E7CD1D-7E2D-46E5-A544-C2602A64BB15}.Debug|Any CPU.ActiveCfg = Debug|Any CPU
		{74E7CD1D-7E2D-46E5-A544-C2602A64BB15}.Debug|Any CPU.Build.0 = Debug|Any CPU
		{74E7CD1D-7E2D-46E5-A544-C2602A64BB15}.Release|Any CPU.ActiveCfg = Release|Any CPU
		{74E7CD1D-7E2D-46E5-A544-C2602A64BB15}.Release|Any CPU.Build.0 = Release|Any CPU
		{5BA5D798-45AA-4722-A865-31CDBF944206}.Debug|Any CPU.ActiveCfg = Debug|Any CPU
		{5BA5D798-45AA-4722-A865-31CDBF944206}.Debug|Any CPU.Build.0 = Debug|Any CPU
		{5BA5D798-45AA-4722-A865-31CDBF944206}.Release|Any CPU.ActiveCfg = Release|Any CPU
		{5BA5D798-45AA-4722-A865-31CDBF944206}.Release|Any CPU.Build.0 = Release|Any CPU
		{AD3D134C-9CAE-4336-9DF9-CC2815284900}.Debug|Any CPU.ActiveCfg = Debug|Any CPU
		{AD3D134C-9CAE-4336-9DF9-CC2815284900}.Debug|Any CPU.Build.0 = Debug|Any CPU
		{AD3D134C-9CAE-4336-9DF9-CC2815284900}.Release|Any CPU.ActiveCfg = Release|Any CPU
		{AD3D134C-9CAE-4336-9DF9-CC2815284900}.Release|Any CPU.Build.0 = Release|Any CPU
		{CEFC2FA3-AC2B-453F-8853-80551F334A65}.Debug|Any CPU.ActiveCfg = Debug|Any CPU
		{CEFC2FA3-AC2B-453F-8853-80551F334A65}.Debug|Any CPU.Build.0 = Debug|Any CPU
		{CEFC2FA3-AC2B-453F-8853-80551F334A65}.Release|Any CPU.ActiveCfg = Release|Any CPU
		{CEFC2FA3-AC2B-453F-8853-80551F334A65}.Release|Any CPU.Build.0 = Release|Any CPU
		{0F7A505C-ABDD-4317-9872-DBC04C5D5C2D}.Debug|Any CPU.ActiveCfg = Debug|Any CPU
		{0F7A505C-ABDD-4317-9872-DBC04C5D5C2D}.Debug|Any CPU.Build.0 = Debug|Any CPU
		{0F7A505C-ABDD-4317-9872-DBC04C5D5C2D}.Release|Any CPU.ActiveCfg = Release|Any CPU
		{0F7A505C-ABDD-4317-9872-DBC04C5D5C2D}.Release|Any CPU.Build.0 = Release|Any CPU
		{90C70507-1B65-4168-B27F-D1C99FB7A32A}.Debug|Any CPU.ActiveCfg = Debug|Any CPU
		{90C70507-1B65-4168-B27F-D1C99FB7A32A}.Debug|Any CPU.Build.0 = Debug|Any CPU
		{90C70507-1B65-4168-B27F-D1C99FB7A32A}.Release|Any CPU.ActiveCfg = Release|Any CPU
		{90C70507-1B65-4168-B27F-D1C99FB7A32A}.Release|Any CPU.Build.0 = Release|Any CPU
	EndGlobalSection
	GlobalSection(SolutionProperties) = preSolution
		HideSolutionNode = FALSE
	EndGlobalSection
	GlobalSection(ExtensibilityGlobals) = postSolution
		SolutionGuid = {3D04A545-F5F6-46BE-B389-5FA504BB0523}
	EndGlobalSection
EndGlobal
