
Microsoft Visual Studio Solution File, Format Version 12.00
# Visual Studio Version 17
VisualStudioVersion = 17.7.34221.43
MinimumVisualStudioVersion = 10.0.40219.1
Project("{FAE04EC0-301F-11D3-BF4B-00C04F79EFBC}") = "CleanArchMVC.Domain", "CleanArchMVC.Domain\CleanArchMVC.Domain.csproj", "{8C9057A6-04F1-4412-A85D-BB121F360CF6}"
EndProject
Project("{FAE04EC0-301F-11D3-BF4B-00C04F79EFBC}") = "CleanArchMVC.Application", "CleanArchMVC.Application\CleanArchMVC.Application.csproj", "{3D54ACC4-C842-402D-A5D0-B6C4F0544382}"
EndProject
Project("{FAE04EC0-301F-11D3-BF4B-00C04F79EFBC}") = "CleanArchMVC.Infra.Data", "CleanArchMVC.Infra.Data\CleanArchMVC.Infra.Data.csproj", "{43D535AC-D203-4595-8E93-F456B7EB0E0C}"
EndProject
Project("{FAE04EC0-301F-11D3-BF4B-00C04F79EFBC}") = "CleanArchMCV.Infra.IoC", "CleanArchMCV.Infra.IoC\CleanArchMCV.Infra.IoC.csproj", "{262F49A0-BE9C-4300-98E9-700F80EBB371}"
EndProject
Project("{FAE04EC0-301F-11D3-BF4B-00C04F79EFBC}") = "CleanArchMVC.WebUI", "CleanArchMVC.WebUI\CleanArchMVC.WebUI.csproj", "{35C1BA72-79FC-45CA-9F59-6864DE858F70}"
EndProject
Project("{FAE04EC0-301F-11D3-BF4B-00C04F79EFBC}") = "CleanArchMVC.Domain.Tests", "CleanArchMVC.Domain.Tests\CleanArchMVC.Domain.Tests.csproj", "{01B5D22D-14AE-4F83-8B42-9FEB05B01C0D}"
EndProject
Global
	GlobalSection(SolutionConfigurationPlatforms) = preSolution
		Debug|Any CPU = Debug|Any CPU
		Release|Any CPU = Release|Any CPU
	EndGlobalSection
	GlobalSection(ProjectConfigurationPlatforms) = postSolution
		{8C9057A6-04F1-4412-A85D-BB121F360CF6}.Debug|Any CPU.ActiveCfg = Debug|Any CPU
		{8C9057A6-04F1-4412-A85D-BB121F360CF6}.Debug|Any CPU.Build.0 = Debug|Any CPU
		{8C9057A6-04F1-4412-A85D-BB121F360CF6}.Release|Any CPU.ActiveCfg = Release|Any CPU
		{8C9057A6-04F1-4412-A85D-BB121F360CF6}.Release|Any CPU.Build.0 = Release|Any CPU
		{3D54ACC4-C842-402D-A5D0-B6C4F0544382}.Debug|Any CPU.ActiveCfg = Debug|Any CPU
		{3D54ACC4-C842-402D-A5D0-B6C4F0544382}.Debug|Any CPU.Build.0 = Debug|Any CPU
		{3D54ACC4-C842-402D-A5D0-B6C4F0544382}.Release|Any CPU.ActiveCfg = Release|Any CPU
		{3D54ACC4-C842-402D-A5D0-B6C4F0544382}.Release|Any CPU.Build.0 = Release|Any CPU
		{43D535AC-D203-4595-8E93-F456B7EB0E0C}.Debug|Any CPU.ActiveCfg = Debug|Any CPU
		{43D535AC-D203-4595-8E93-F456B7EB0E0C}.Debug|Any CPU.Build.0 = Debug|Any CPU
		{43D535AC-D203-4595-8E93-F456B7EB0E0C}.Release|Any CPU.ActiveCfg = Release|Any CPU
		{43D535AC-D203-4595-8E93-F456B7EB0E0C}.Release|Any CPU.Build.0 = Release|Any CPU
		{262F49A0-BE9C-4300-98E9-700F80EBB371}.Debug|Any CPU.ActiveCfg = Debug|Any CPU
		{262F49A0-BE9C-4300-98E9-700F80EBB371}.Debug|Any CPU.Build.0 = Debug|Any CPU
		{262F49A0-BE9C-4300-98E9-700F80EBB371}.Release|Any CPU.ActiveCfg = Release|Any CPU
		{262F49A0-BE9C-4300-98E9-700F80EBB371}.Release|Any CPU.Build.0 = Release|Any CPU
		{35C1BA72-79FC-45CA-9F59-6864DE858F70}.Debug|Any CPU.ActiveCfg = Debug|Any CPU
		{35C1BA72-79FC-45CA-9F59-6864DE858F70}.Debug|Any CPU.Build.0 = Debug|Any CPU
		{35C1BA72-79FC-45CA-9F59-6864DE858F70}.Release|Any CPU.ActiveCfg = Release|Any CPU
		{35C1BA72-79FC-45CA-9F59-6864DE858F70}.Release|Any CPU.Build.0 = Release|Any CPU
		{01B5D22D-14AE-4F83-8B42-9FEB05B01C0D}.Debug|Any CPU.ActiveCfg = Debug|Any CPU
		{01B5D22D-14AE-4F83-8B42-9FEB05B01C0D}.Debug|Any CPU.Build.0 = Debug|Any CPU
		{01B5D22D-14AE-4F83-8B42-9FEB05B01C0D}.Release|Any CPU.ActiveCfg = Release|Any CPU
		{01B5D22D-14AE-4F83-8B42-9FEB05B01C0D}.Release|Any CPU.Build.0 = Release|Any CPU
	EndGlobalSection
	GlobalSection(SolutionProperties) = preSolution
		HideSolutionNode = FALSE
	EndGlobalSection
	GlobalSection(ExtensibilityGlobals) = postSolution
		SolutionGuid = {5A78CA37-0ACE-4C6F-AEE6-F9405825AB00}
	EndGlobalSection
EndGlobal
